
Microsoft Visual Studio Solution File, Format Version 12.00
# Visual Studio Version 17
VisualStudioVersion = 17.8.34525.116
MinimumVisualStudioVersion = 10.0.40219.1
Project("{9A19103F-16F7-4668-BE54-9A1E7A4F7556}") = "ASPNET_HHRR_Vacations", "WebApplication\ASPNET_HHRR_Vacations.csproj", "{3AFB5F2B-92B2-411B-9CD2-54595895CF2B}"
EndProject
Project("{9A19103F-16F7-4668-BE54-9A1E7A4F7556}") = "UserCreator", "ConsoleApplication\UserCreator.csproj", "{AFE35ADE-5725-42F9-BDB8-C72E42185F2F}"
EndProject
Global
	GlobalSection(SolutionConfigurationPlatforms) = preSolution
		Debug|Any CPU = Debug|Any CPU
		Release|Any CPU = Release|Any CPU
	EndGlobalSection
	GlobalSection(ProjectConfigurationPlatforms) = postSolution
		{3AFB5F2B-92B2-411B-9CD2-54595895CF2B}.Debug|Any CPU.ActiveCfg = Debug|Any CPU
		{3AFB5F2B-92B2-411B-9CD2-54595895CF2B}.Debug|Any CPU.Build.0 = Debug|Any CPU
		{3AFB5F2B-92B2-411B-9CD2-54595895CF2B}.Release|Any CPU.ActiveCfg = Release|Any CPU
		{3AFB5F2B-92B2-411B-9CD2-54595895CF2B}.Release|Any CPU.Build.0 = Release|Any CPU
		{AFE35ADE-5725-42F9-BDB8-C72E42185F2F}.Debug|Any CPU.ActiveCfg = Debug|Any CPU
		{AFE35ADE-5725-42F9-BDB8-C72E42185F2F}.Debug|Any CPU.Build.0 = Debug|Any CPU
		{AFE35ADE-5725-42F9-BDB8-C72E42185F2F}.Release|Any CPU.ActiveCfg = Release|Any CPU
		{AFE35ADE-5725-42F9-BDB8-C72E42185F2F}.Release|Any CPU.Build.0 = Release|Any CPU
	EndGlobalSection
	GlobalSection(SolutionProperties) = preSolution
		HideSolutionNode = FALSE
	EndGlobalSection
	GlobalSection(ExtensibilityGlobals) = postSolution
		SolutionGuid = {1567FDF6-8142-452D-A814-E42469AB3962}
	EndGlobalSection
EndGlobal
